
Microsoft Visual Studio Solution File, Format Version 12.00
# Visual Studio Version 17
VisualStudioVersion = 17.6.33801.468
MinimumVisualStudioVersion = 10.0.40219.1
Project("{9A19103F-16F7-4668-BE54-9A1E7A4F7556}") = "ChampionshipExam", "ChampionshipExam\ChampionshipExam.csproj", "{AA2D7A20-EFB3-4EEE-926E-62B5E25FA06E}"
	ProjectSection(ProjectDependencies) = postProject
		{E24170D4-F901-4D86-B0AD-566CAD62C840} = {E24170D4-F901-4D86-B0AD-566CAD62C840}
	EndProjectSection
EndProject
Project("{9A19103F-16F7-4668-BE54-9A1E7A4F7556}") = "ChampionshipExam.DAL", "ChampionshipExam.DAL\ChampionshipExam.DAL.csproj", "{E24170D4-F901-4D86-B0AD-566CAD62C840}"
EndProject
Global
	GlobalSection(SolutionConfigurationPlatforms) = preSolution
		Debug|Any CPU = Debug|Any CPU
		Release|Any CPU = Release|Any CPU
	EndGlobalSection
	GlobalSection(ProjectConfigurationPlatforms) = postSolution
		{AA2D7A20-EFB3-4EEE-926E-62B5E25FA06E}.Debug|Any CPU.ActiveCfg = Debug|Any CPU
		{AA2D7A20-EFB3-4EEE-926E-62B5E25FA06E}.Debug|Any CPU.Build.0 = Debug|Any CPU
		{AA2D7A20-EFB3-4EEE-926E-62B5E25FA06E}.Release|Any CPU.ActiveCfg = Release|Any CPU
		{AA2D7A20-EFB3-4EEE-926E-62B5E25FA06E}.Release|Any CPU.Build.0 = Release|Any CPU
		{E24170D4-F901-4D86-B0AD-566CAD62C840}.Debug|Any CPU.ActiveCfg = Debug|Any CPU
		{E24170D4-F901-4D86-B0AD-566CAD62C840}.Debug|Any CPU.Build.0 = Debug|Any CPU
		{E24170D4-F901-4D86-B0AD-566CAD62C840}.Release|Any CPU.ActiveCfg = Release|Any CPU
		{E24170D4-F901-4D86-B0AD-566CAD62C840}.Release|Any CPU.Build.0 = Release|Any CPU
	EndGlobalSection
	GlobalSection(SolutionProperties) = preSolution
		HideSolutionNode = FALSE
	EndGlobalSection
	GlobalSection(ExtensibilityGlobals) = postSolution
		SolutionGuid = {D3DD4975-6034-441C-9D0B-9B7C46DCF232}
	EndGlobalSection
EndGlobal
